// !$*UTF8*$!
{
	archiveVersion = 1;
	classes = {
	};
	objectVersion = 46;
	objects = {

/* Begin PBXBuildFile section */
		AEBC3BCB1EAE4AAF006A8AF1 /* AppDelegate.swift in Sources */ = {isa = PBXBuildFile; fileRef = AEBC3BCA1EAE4AAF006A8AF1 /* AppDelegate.swift */; };
		AEBC3BCD1EAE4AAF006A8AF1 /* ViewController.swift in Sources */ = {isa = PBXBuildFile; fileRef = AEBC3BCC1EAE4AAF006A8AF1 /* ViewController.swift */; };
		AEBC3BD01EAE4AAF006A8AF1 /* Main.storyboard in Resources */ = {isa = PBXBuildFile; fileRef = AEBC3BCE1EAE4AAF006A8AF1 /* Main.storyboard */; };
		AEBC3BD21EAE4AAF006A8AF1 /* Assets.xcassets in Resources */ = {isa = PBXBuildFile; fileRef = AEBC3BD11EAE4AAF006A8AF1 /* Assets.xcassets */; };
		AEBC3BD51EAE4AAF006A8AF1 /* LaunchScreen.storyboard in Resources */ = {isa = PBXBuildFile; fileRef = AEBC3BD31EAE4AAF006A8AF1 /* LaunchScreen.storyboard */; };
/* End PBXBuildFile section */

/* Begin PBXCopyFilesBuildPhase section */
		AC14F15F2105E7A400B9E1A0 /* Embed Frameworks */ = {
			isa = PBXCopyFilesBuildPhase;
			buildActionMask = 2147483647;
			dstPath = "";
			dstSubfolderSpec = 10;
			files = (
			);
			name = "Embed Frameworks";
			runOnlyForDeploymentPostprocessing = 0;
		};
/* End PBXCopyFilesBuildPhase section */

/* Begin PBXFileReference section */
		AEBC3BC71EAE4AAF006A8AF1 /* DisplayExamples-Swift.app */ = {isa = PBXFileReference; explicitFileType = wrapper.application; includeInIndex = 0; path = "DisplayExamples-Swift.app"; sourceTree = BUILT_PRODUCTS_DIR; };
		AEBC3BCA1EAE4AAF006A8AF1 /* AppDelegate.swift */ = {isa = PBXFileReference; lastKnownFileType = sourcecode.swift; name = AppDelegate.swift; path = Swift/AppDelegate.swift; sourceTree = "<group>"; };
		AEBC3BCC1EAE4AAF006A8AF1 /* ViewController.swift */ = {isa = PBXFileReference; lastKnownFileType = sourcecode.swift; name = ViewController.swift; path = Swift/ViewController.swift; sourceTree = "<group>"; };
		AEBC3BCF1EAE4AAF006A8AF1 /* Base */ = {isa = PBXFileReference; lastKnownFileType = file.storyboard; name = Base; path = Base.lproj/Main.storyboard; sourceTree = "<group>"; };
		AEBC3BD11EAE4AAF006A8AF1 /* Assets.xcassets */ = {isa = PBXFileReference; lastKnownFileType = folder.assetcatalog; name = Assets.xcassets; path = Swift/Assets.xcassets; sourceTree = "<group>"; };
		AEBC3BD41EAE4AAF006A8AF1 /* Base */ = {isa = PBXFileReference; lastKnownFileType = file.storyboard; name = Base; path = Base.lproj/LaunchScreen.storyboard; sourceTree = "<group>"; };
		AEBC3BD61EAE4AAF006A8AF1 /* Info.plist */ = {isa = PBXFileReference; lastKnownFileType = text.plist.xml; name = Info.plist; path = Swift/Info.plist; sourceTree = "<group>"; };
/* End PBXFileReference section */

/* Begin PBXFrameworksBuildPhase section */
		AEBC3BC41EAE4AAF006A8AF1 /* Frameworks */ = {
			isa = PBXFrameworksBuildPhase;
			buildActionMask = 2147483647;
			files = (
			);
			runOnlyForDeploymentPostprocessing = 0;
		};
/* End PBXFrameworksBuildPhase section */

/* Begin PBXGroup section */
		AEBC3BBE1EAE4AAF006A8AF1 = {
			isa = PBXGroup;
			children = (
				AEBC3BCA1EAE4AAF006A8AF1 /* AppDelegate.swift */,
				AEBC3BCC1EAE4AAF006A8AF1 /* ViewController.swift */,
				AEBC3BCE1EAE4AAF006A8AF1 /* Main.storyboard */,
				AEBC3BD11EAE4AAF006A8AF1 /* Assets.xcassets */,
				AEBC3BD31EAE4AAF006A8AF1 /* LaunchScreen.storyboard */,
				AEBC3BD61EAE4AAF006A8AF1 /* Info.plist */,
				AEBC3BC81EAE4AAF006A8AF1 /* Products */,
				DDC1A99B1F4C3A3200E86B9E /* Frameworks */,
			);
			sourceTree = "<group>";
		};
		AEBC3BC81EAE4AAF006A8AF1 /* Products */ = {
			isa = PBXGroup;
			children = (
				AEBC3BC71EAE4AAF006A8AF1 /* DisplayExamples-Swift.app */,
			);
			name = Products;
			sourceTree = "<group>";
		};
		DDC1A99B1F4C3A3200E86B9E /* Frameworks */ = {
			isa = PBXGroup;
			children = (
			);
			name = Frameworks;
			sourceTree = "<group>";
		};
/* End PBXGroup section */

/* Begin PBXNativeTarget section */
		AEBC3BC61EAE4AAF006A8AF1 /* DisplayExamples-Swift */ = {
			isa = PBXNativeTarget;
			buildConfigurationList = AEBC3BD91EAE4AAF006A8AF1 /* Build configuration list for PBXNativeTarget "DisplayExamples-Swift" */;
			buildPhases = (
				40ADFBEE67BF3E15B9E72CA4 /* [CP] Check Pods Manifest.lock */,
				AEBC3BC31EAE4AAF006A8AF1 /* Sources */,
				AEBC3BC41EAE4AAF006A8AF1 /* Frameworks */,
				AEBC3BC51EAE4AAF006A8AF1 /* Resources */,
				4B78AD1A78E7395F7DCA06DC /* [CP] Embed Pods Frameworks */,
				60377ED191A0E87183D92A01 /* [CP] Copy Pods Resources */,
				AC14F15F2105E7A400B9E1A0 /* Embed Frameworks */,
			);
			buildRules = (
			);
			dependencies = (
			);
			name = "DisplayExamples-Swift";
			productName = "DisplayExamples-Swift";
			productReference = AEBC3BC71EAE4AAF006A8AF1 /* DisplayExamples-Swift.app */;
			productType = "com.apple.product-type.application";
		};
/* End PBXNativeTarget section */

/* Begin PBXProject section */
		AEBC3BBF1EAE4AAF006A8AF1 /* Project object */ = {
			isa = PBXProject;
			attributes = {
				LastSwiftUpdateCheck = 0830;
				LastUpgradeCheck = 0830;
				ORGANIZATIONNAME = Estimote;
				TargetAttributes = {
					AEBC3BC61EAE4AAF006A8AF1 = {
						CreatedOnToolsVersion = 8.3.1;
						ProvisioningStyle = Automatic;
						SystemCapabilities = {
							com.apple.BackgroundModes = {
								enabled = 1;
							};
						};
					};
				};
			};
			buildConfigurationList = AEBC3BC21EAE4AAF006A8AF1 /* Build configuration list for PBXProject "Swift" */;
			compatibilityVersion = "Xcode 3.2";
			developmentRegion = English;
			hasScannedForEncodings = 0;
			knownRegions = (
				en,
				Base,
			);
			mainGroup = AEBC3BBE1EAE4AAF006A8AF1;
			productRefGroup = AEBC3BC81EAE4AAF006A8AF1 /* Products */;
			projectDirPath = "";
			projectRoot = "";
			targets = (
				AEBC3BC61EAE4AAF006A8AF1 /* DisplayExamples-Swift */,
			);
		};
/* End PBXProject section */

/* Begin PBXResourcesBuildPhase section */
		AEBC3BC51EAE4AAF006A8AF1 /* Resources */ = {
			isa = PBXResourcesBuildPhase;
			buildActionMask = 2147483647;
			files = (
				AEBC3BD51EAE4AAF006A8AF1 /* LaunchScreen.storyboard in Resources */,
				AEBC3BD21EAE4AAF006A8AF1 /* Assets.xcassets in Resources */,
				AEBC3BD01EAE4AAF006A8AF1 /* Main.storyboard in Resources */,
			);
			runOnlyForDeploymentPostprocessing = 0;
		};
/* End PBXResourcesBuildPhase section */

/* Begin PBXShellScriptBuildPhase section */
		40ADFBEE67BF3E15B9E72CA4 /* [CP] Check Pods Manifest.lock */ = {
			isa = PBXShellScriptBuildPhase;
			buildActionMask = 2147483647;
			files = (
			);
			inputPaths = (
				"${PODS_PODFILE_DIR_PATH}/Podfile.lock",
				"${PODS_ROOT}/Manifest.lock",
			);
			name = "[CP] Check Pods Manifest.lock";
			outputPaths = (
				"$(DERIVED_FILE_DIR)/Pods-DisplayExamples-Swift-checkManifestLockResult.txt",
			);
			runOnlyForDeploymentPostprocessing = 0;
			shellPath = /bin/sh;
			shellScript = "diff \"${PODS_PODFILE_DIR_PATH}/Podfile.lock\" \"${PODS_ROOT}/Manifest.lock\" > /dev/null\nif [ $? != 0 ] ; then\n    # print error to STDERR\n    echo \"error: The sandbox is not in sync with the Podfile.lock. Run 'pod install' or update your CocoaPods installation.\" >&2\n    exit 1\nfi\n# This output is used by Xcode 'outputs' to avoid re-running this script phase.\necho \"SUCCESS\" > \"${SCRIPT_OUTPUT_FILE_0}\"\n";
			showEnvVarsInLog = 0;
		};
		4B78AD1A78E7395F7DCA06DC /* [CP] Embed Pods Frameworks */ = {
			isa = PBXShellScriptBuildPhase;
			buildActionMask = 2147483647;
			files = (
			);
			inputPaths = (
				"${SRCROOT}/Pods/Target Support Files/Pods-DisplayExamples-Swift/Pods-DisplayExamples-Swift-frameworks.sh",
				"${PODS_ROOT}/EstimoteBluetoothScanning/EstimoteBluetoothScanning/EstimoteBluetoothScanning.framework",
				"${PODS_ROOT}/EstimoteProximitySDK/EstimoteProximitySDK/EstimoteProximitySDK.framework",
			);
			name = "[CP] Embed Pods Frameworks";
			outputPaths = (
				"${TARGET_BUILD_DIR}/${FRAMEWORKS_FOLDER_PATH}/EstimoteBluetoothScanning.framework",
				"${TARGET_BUILD_DIR}/${FRAMEWORKS_FOLDER_PATH}/EstimoteProximitySDK.framework",
			);
			runOnlyForDeploymentPostprocessing = 0;
			shellPath = /bin/sh;
			shellScript = "\"${SRCROOT}/Pods/Target Support Files/Pods-DisplayExamples-Swift/Pods-DisplayExamples-Swift-frameworks.sh\"\n";
			showEnvVarsInLog = 0;
		};
		60377ED191A0E87183D92A01 /* [CP] Copy Pods Resources */ = {
			isa = PBXShellScriptBuildPhase;
			buildActionMask = 2147483647;
			files = (
			);
			inputPaths = (
			);
			name = "[CP] Copy Pods Resources";
			outputPaths = (
			);
			runOnlyForDeploymentPostprocessing = 0;
			shellPath = /bin/sh;
			shellScript = "\"${SRCROOT}/Pods/Target Support Files/Pods-DisplayExamples-Swift/Pods-DisplayExamples-Swift-resources.sh\"\n";
			showEnvVarsInLog = 0;
		};
/* End PBXShellScriptBuildPhase section */

/* Begin PBXSourcesBuildPhase section */
		AEBC3BC31EAE4AAF006A8AF1 /* Sources */ = {
			isa = PBXSourcesBuildPhase;
			buildActionMask = 2147483647;
			files = (
				AEBC3BCD1EAE4AAF006A8AF1 /* ViewController.swift in Sources */,
				AEBC3BCB1EAE4AAF006A8AF1 /* AppDelegate.swift in Sources */,
			);
			runOnlyForDeploymentPostprocessing = 0;
		};
/* End PBXSourcesBuildPhase section */

/* Begin PBXVariantGroup section */
		AEBC3BCE1EAE4AAF006A8AF1 /* Main.storyboard */ = {
			isa = PBXVariantGroup;
			children = (
				AEBC3BCF1EAE4AAF006A8AF1 /* Base */,
			);
			name = Main.storyboard;
			path = Swift;
			sourceTree = "<group>";
		};
		AEBC3BD31EAE4AAF006A8AF1 /* LaunchScreen.storyboard */ = {
			isa = PBXVariantGroup;
			children = (
				AEBC3BD41EAE4AAF006A8AF1 /* Base */,
			);
			name = LaunchScreen.storyboard;
			path = Swift;
			sourceTree = "<group>";
		};
/* End PBXVariantGroup section */

/* Begin XCBuildConfiguration section */
		AEBC3BD71EAE4AAF006A8AF1 /* Debug */ = {
			isa = XCBuildConfiguration;
			buildSettings = {
				ALWAYS_SEARCH_USER_PATHS = NO;
				CLANG_ANALYZER_NONNULL = YES;
				CLANG_ANALYZER_NUMBER_OBJECT_CONVERSION = YES_AGGRESSIVE;
				CLANG_CXX_LANGUAGE_STANDARD = "gnu++0x";
				CLANG_CXX_LIBRARY = "libc++";
				CLANG_ENABLE_MODULES = YES;
				CLANG_ENABLE_OBJC_ARC = YES;
				CLANG_WARN_BOOL_CONVERSION = YES;
				CLANG_WARN_CONSTANT_CONVERSION = YES;
				CLANG_WARN_DIRECT_OBJC_ISA_USAGE = YES_ERROR;
				CLANG_WARN_DOCUMENTATION_COMMENTS = YES;
				CLANG_WARN_EMPTY_BODY = YES;
				CLANG_WARN_ENUM_CONVERSION = YES;
				CLANG_WARN_INFINITE_RECURSION = YES;
				CLANG_WARN_INT_CONVERSION = YES;
				CLANG_WARN_OBJC_ROOT_CLASS = YES_ERROR;
				CLANG_WARN_SUSPICIOUS_MOVE = YES;
				CLANG_WARN_UNREACHABLE_CODE = YES;
				CLANG_WARN__DUPLICATE_METHOD_MATCH = YES;
				"CODE_SIGN_IDENTITY[sdk=iphoneos*]" = "iPhone Developer";
				COPY_PHASE_STRIP = NO;
				DEBUG_INFORMATION_FORMAT = dwarf;
				ENABLE_STRICT_OBJC_MSGSEND = YES;
				ENABLE_TESTABILITY = YES;
				GCC_C_LANGUAGE_STANDARD = gnu99;
				GCC_DYNAMIC_NO_PIC = NO;
				GCC_NO_COMMON_BLOCKS = YES;
				GCC_OPTIMIZATION_LEVEL = 0;
				GCC_PREPROCESSOR_DEFINITIONS = (
					"DEBUG=1",
					"$(inherited)",
				);
				GCC_WARN_64_TO_32_BIT_CONVERSION = YES;
				GCC_WARN_ABOUT_RETURN_TYPE = YES_ERROR;
				GCC_WARN_UNDECLARED_SELECTOR = YES;
				GCC_WARN_UNINITIALIZED_AUTOS = YES_AGGRESSIVE;
				GCC_WARN_UNUSED_FUNCTION = YES;
				GCC_WARN_UNUSED_VARIABLE = YES;
				IPHONEOS_DEPLOYMENT_TARGET = 10.3;
				MTL_ENABLE_DEBUG_INFO = YES;
				ONLY_ACTIVE_ARCH = YES;
				SDKROOT = iphoneos;
				SWIFT_ACTIVE_COMPILATION_CONDITIONS = DEBUG;
				SWIFT_OPTIMIZATION_LEVEL = "-Onone";
				TARGETED_DEVICE_FAMILY = "1,2";
			};
			name = Debug;
		};
		AEBC3BD81EAE4AAF006A8AF1 /* Release */ = {
			isa = XCBuildConfiguration;
			buildSettings = {
				ALWAYS_SEARCH_USER_PATHS = NO;
				CLANG_ANALYZER_NONNULL = YES;
				CLANG_ANALYZER_NUMBER_OBJECT_CONVERSION = YES_AGGRESSIVE;
				CLANG_CXX_LANGUAGE_STANDARD = "gnu++0x";
				CLANG_CXX_LIBRARY = "libc++";
				CLANG_ENABLE_MODULES = YES;
				CLANG_ENABLE_OBJC_ARC = YES;
				CLANG_WARN_BOOL_CONVERSION = YES;
				CLANG_WARN_CONSTANT_CONVERSION = YES;
				CLANG_WARN_DIRECT_OBJC_ISA_USAGE = YES_ERROR;
				CLANG_WARN_DOCUMENTATION_COMMENTS = YES;
				CLANG_WARN_EMPTY_BODY = YES;
				CLANG_WARN_ENUM_CONVERSION = YES;
				CLANG_WARN_INFINITE_RECURSION = YES;
				CLANG_WARN_INT_CONVERSION = YES;
				CLANG_WARN_OBJC_ROOT_CLASS = YES_ERROR;
				CLANG_WARN_SUSPICIOUS_MOVE = YES;
				CLANG_WARN_UNREACHABLE_CODE = YES;
				CLANG_WARN__DUPLICATE_METHOD_MATCH = YES;
				"CODE_SIGN_IDENTITY[sdk=iphoneos*]" = "iPhone Developer";
				COPY_PHASE_STRIP = NO;
				DEBUG_INFORMATION_FORMAT = "dwarf-with-dsym";
				ENABLE_NS_ASSERTIONS = NO;
				ENABLE_STRICT_OBJC_MSGSEND = YES;
				GCC_C_LANGUAGE_STANDARD = gnu99;
				GCC_NO_COMMON_BLOCKS = YES;
				GCC_WARN_64_TO_32_BIT_CONVERSION = YES;
				GCC_WARN_ABOUT_RETURN_TYPE = YES_ERROR;
				GCC_WARN_UNDECLARED_SELECTOR = YES;
				GCC_WARN_UNINITIALIZED_AUTOS = YES_AGGRESSIVE;
				GCC_WARN_UNUSED_FUNCTION = YES;
				GCC_WARN_UNUSED_VARIABLE = YES;
				IPHONEOS_DEPLOYMENT_TARGET = 10.3;
				MTL_ENABLE_DEBUG_INFO = NO;
				SDKROOT = iphoneos;
				SWIFT_OPTIMIZATION_LEVEL = "-Owholemodule";
				TARGETED_DEVICE_FAMILY = "1,2";
				VALIDATE_PRODUCT = YES;
			};
			name = Release;
		};
		AEBC3BDA1EAE4AAF006A8AF1 /* Debug */ = {
			isa = XCBuildConfiguration;
			buildSettings = {
				ASSETCATALOG_COMPILER_APPICON_NAME = AppIcon;
				DEVELOPMENT_TEAM = "";
				FRAMEWORK_SEARCH_PATHS = (
					"$(inherited)",
					"$(PROJECT_DIR)",
					../../Core,
				);
				INFOPLIST_FILE = Swift/Info.plist;
				LD_RUNPATH_SEARCH_PATHS = "$(inherited) @executable_path/Frameworks";
				PRODUCT_BUNDLE_IDENTIFIER = "com.estimote.DisplayExamples-Swift";
				PRODUCT_NAME = "$(TARGET_NAME)";
				SWIFT_VERSION = 3.0;
			};
			name = Debug;
		};
		AEBC3BDB1EAE4AAF006A8AF1 /* Release */ = {
			isa = XCBuildConfiguration;
			buildSettings = {
				ASSETCATALOG_COMPILER_APPICON_NAME = AppIcon;
				DEVELOPMENT_TEAM = "";
				FRAMEWORK_SEARCH_PATHS = (
					"$(inherited)",
					"$(PROJECT_DIR)",
					../../Core,
				);
				INFOPLIST_FILE = Swift/Info.plist;
				LD_RUNPATH_SEARCH_PATHS = "$(inherited) @executable_path/Frameworks";
				PRODUCT_BUNDLE_IDENTIFIER = "com.estimote.DisplayExamples-Swift";
				PRODUCT_NAME = "$(TARGET_NAME)";
				SWIFT_VERSION = 3.0;
			};
			name = Release;
		};
/* End XCBuildConfiguration section */

/* Begin XCConfigurationList section */
		AEBC3BC21EAE4AAF006A8AF1 /* Build configuration list for PBXProject "Swift" */ = {
			isa = XCConfigurationList;
			buildConfigurations = (
				AEBC3BD71EAE4AAF006A8AF1 /* Debug */,
				AEBC3BD81EAE4AAF006A8AF1 /* Release */,
			);
			defaultConfigurationIsVisible = 0;
			defaultConfigurationName = Release;
		};
		AEBC3BD91EAE4AAF006A8AF1 /* Build configuration list for PBXNativeTarget "DisplayExamples-Swift" */ = {
			isa = XCConfigurationList;
			buildConfigurations = (
				AEBC3BDA1EAE4AAF006A8AF1 /* Debug */,
				AEBC3BDB1EAE4AAF006A8AF1 /* Release */,
			);
			defaultConfigurationIsVisible = 0;
			defaultConfigurationName = Release;
		};
/* End XCConfigurationList section */
	};
	rootObject = AEBC3BBF1EAE4AAF006A8AF1 /* Project object */;
}
