// !$*UTF8*$!
{
	archiveVersion = 1;
	classes = {
	};
	objectVersion = 46;
	objects = {

/* Begin PBXBuildFile section */
		AEBC3C251EAE4EBF006A8AF1 /* main.m in Sources */ = {isa = PBXBuildFile; fileRef = AEBC3C241EAE4EBF006A8AF1 /* main.m */; };
		AEBC3C281EAE4EBF006A8AF1 /* AppDelegate.m in Sources */ = {isa = PBXBuildFile; fileRef = AEBC3C271EAE4EBF006A8AF1 /* AppDelegate.m */; };
		AEBC3C2B1EAE4EBF006A8AF1 /* ViewController.m in Sources */ = {isa = PBXBuildFile; fileRef = AEBC3C2A1EAE4EBF006A8AF1 /* ViewController.m */; };
		AEBC3C2E1EAE4EBF006A8AF1 /* Main.storyboard in Resources */ = {isa = PBXBuildFile; fileRef = AEBC3C2C1EAE4EBF006A8AF1 /* Main.storyboard */; };
		AEBC3C301EAE4EBF006A8AF1 /* Assets.xcassets in Resources */ = {isa = PBXBuildFile; fileRef = AEBC3C2F1EAE4EBF006A8AF1 /* Assets.xcassets */; };
		AEBC3C331EAE4EBF006A8AF1 /* LaunchScreen.storyboard in Resources */ = {isa = PBXBuildFile; fileRef = AEBC3C311EAE4EBF006A8AF1 /* LaunchScreen.storyboard */; };
/* End PBXBuildFile section */

/* Begin PBXCopyFilesBuildPhase section */
		AEBC3C5B1EAE4FC7006A8AF1 /* Embed Frameworks */ = {
			isa = PBXCopyFilesBuildPhase;
			buildActionMask = 2147483647;
			dstPath = "";
			dstSubfolderSpec = 10;
			files = (
			);
			name = "Embed Frameworks";
			runOnlyForDeploymentPostprocessing = 0;
		};
/* End PBXCopyFilesBuildPhase section */

/* Begin PBXFileReference section */
		AEBC3C201EAE4EBF006A8AF1 /* DisplayExamples-ObjC.app */ = {isa = PBXFileReference; explicitFileType = wrapper.application; includeInIndex = 0; path = "DisplayExamples-ObjC.app"; sourceTree = BUILT_PRODUCTS_DIR; };
		AEBC3C241EAE4EBF006A8AF1 /* main.m */ = {isa = PBXFileReference; lastKnownFileType = sourcecode.c.objc; path = main.m; sourceTree = "<group>"; };
		AEBC3C261EAE4EBF006A8AF1 /* AppDelegate.h */ = {isa = PBXFileReference; lastKnownFileType = sourcecode.c.h; name = AppDelegate.h; path = ObjC/AppDelegate.h; sourceTree = "<group>"; };
		AEBC3C271EAE4EBF006A8AF1 /* AppDelegate.m */ = {isa = PBXFileReference; lastKnownFileType = sourcecode.c.objc; name = AppDelegate.m; path = ObjC/AppDelegate.m; sourceTree = "<group>"; };
		AEBC3C291EAE4EBF006A8AF1 /* ViewController.h */ = {isa = PBXFileReference; lastKnownFileType = sourcecode.c.h; name = ViewController.h; path = ObjC/ViewController.h; sourceTree = "<group>"; };
		AEBC3C2A1EAE4EBF006A8AF1 /* ViewController.m */ = {isa = PBXFileReference; lastKnownFileType = sourcecode.c.objc; name = ViewController.m; path = ObjC/ViewController.m; sourceTree = "<group>"; };
		AEBC3C2D1EAE4EBF006A8AF1 /* Base */ = {isa = PBXFileReference; lastKnownFileType = file.storyboard; name = Base; path = Base.lproj/Main.storyboard; sourceTree = "<group>"; };
		AEBC3C2F1EAE4EBF006A8AF1 /* Assets.xcassets */ = {isa = PBXFileReference; lastKnownFileType = folder.assetcatalog; name = Assets.xcassets; path = ObjC/Assets.xcassets; sourceTree = "<group>"; };
		AEBC3C321EAE4EBF006A8AF1 /* Base */ = {isa = PBXFileReference; lastKnownFileType = file.storyboard; name = Base; path = Base.lproj/LaunchScreen.storyboard; sourceTree = "<group>"; };
		AEBC3C341EAE4EBF006A8AF1 /* Info.plist */ = {isa = PBXFileReference; lastKnownFileType = text.plist.xml; name = Info.plist; path = ObjC/Info.plist; sourceTree = "<group>"; };
/* End PBXFileReference section */

/* Begin PBXFrameworksBuildPhase section */
		AEBC3C1D1EAE4EBF006A8AF1 /* Frameworks */ = {
			isa = PBXFrameworksBuildPhase;
			buildActionMask = 2147483647;
			files = (
			);
			runOnlyForDeploymentPostprocessing = 0;
		};
/* End PBXFrameworksBuildPhase section */

/* Begin PBXGroup section */
		AEBC3C171EAE4EBF006A8AF1 = {
			isa = PBXGroup;
			children = (
				AEBC3C261EAE4EBF006A8AF1 /* AppDelegate.h */,
				AEBC3C271EAE4EBF006A8AF1 /* AppDelegate.m */,
				AEBC3C291EAE4EBF006A8AF1 /* ViewController.h */,
				AEBC3C2A1EAE4EBF006A8AF1 /* ViewController.m */,
				AEBC3C2C1EAE4EBF006A8AF1 /* Main.storyboard */,
				AEBC3C2F1EAE4EBF006A8AF1 /* Assets.xcassets */,
				AEBC3C311EAE4EBF006A8AF1 /* LaunchScreen.storyboard */,
				AEBC3C341EAE4EBF006A8AF1 /* Info.plist */,
				AEBC3C231EAE4EBF006A8AF1 /* Supporting Files */,
				AEBC3C211EAE4EBF006A8AF1 /* Products */,
				DDC1A99F1F4C3A6400E86B9E /* Frameworks */,
			);
			sourceTree = "<group>";
		};
		AEBC3C211EAE4EBF006A8AF1 /* Products */ = {
			isa = PBXGroup;
			children = (
				AEBC3C201EAE4EBF006A8AF1 /* DisplayExamples-ObjC.app */,
			);
			name = Products;
			sourceTree = "<group>";
		};
		AEBC3C231EAE4EBF006A8AF1 /* Supporting Files */ = {
			isa = PBXGroup;
			children = (
				AEBC3C241EAE4EBF006A8AF1 /* main.m */,
			);
			name = "Supporting Files";
			path = ObjC;
			sourceTree = "<group>";
		};
		DDC1A99F1F4C3A6400E86B9E /* Frameworks */ = {
			isa = PBXGroup;
			children = (
			);
			name = Frameworks;
			sourceTree = "<group>";
		};
/* End PBXGroup section */

/* Begin PBXNativeTarget section */
		AEBC3C1F1EAE4EBF006A8AF1 /* DisplayExamples-ObjC */ = {
			isa = PBXNativeTarget;
			buildConfigurationList = AEBC3C371EAE4EBF006A8AF1 /* Build configuration list for PBXNativeTarget "DisplayExamples-ObjC" */;
			buildPhases = (
				45AC4971D877CB9CC92C09CA /* [CP] Check Pods Manifest.lock */,
				AEBC3C1C1EAE4EBF006A8AF1 /* Sources */,
				AEBC3C1D1EAE4EBF006A8AF1 /* Frameworks */,
				AEBC3C1E1EAE4EBF006A8AF1 /* Resources */,
				AEBC3C5B1EAE4FC7006A8AF1 /* Embed Frameworks */,
				3497B238FB18DAAE808780B5 /* [CP] Embed Pods Frameworks */,
				79C050C70086B33AA091157B /* [CP] Copy Pods Resources */,
			);
			buildRules = (
			);
			dependencies = (
			);
			name = "DisplayExamples-ObjC";
			productName = "DisplayExamples-ObjC";
			productReference = AEBC3C201EAE4EBF006A8AF1 /* DisplayExamples-ObjC.app */;
			productType = "com.apple.product-type.application";
		};
/* End PBXNativeTarget section */

/* Begin PBXProject section */
		AEBC3C181EAE4EBF006A8AF1 /* Project object */ = {
			isa = PBXProject;
			attributes = {
				LastUpgradeCheck = 0830;
				ORGANIZATIONNAME = Estimote;
				TargetAttributes = {
					AEBC3C1F1EAE4EBF006A8AF1 = {
						CreatedOnToolsVersion = 8.3.1;
						ProvisioningStyle = Automatic;
						SystemCapabilities = {
							com.apple.BackgroundModes = {
								enabled = 1;
							};
						};
					};
				};
			};
			buildConfigurationList = AEBC3C1B1EAE4EBF006A8AF1 /* Build configuration list for PBXProject "ObjC" */;
			compatibilityVersion = "Xcode 3.2";
			developmentRegion = English;
			hasScannedForEncodings = 0;
			knownRegions = (
				en,
				Base,
			);
			mainGroup = AEBC3C171EAE4EBF006A8AF1;
			productRefGroup = AEBC3C211EAE4EBF006A8AF1 /* Products */;
			projectDirPath = "";
			projectRoot = "";
			targets = (
				AEBC3C1F1EAE4EBF006A8AF1 /* DisplayExamples-ObjC */,
			);
		};
/* End PBXProject section */

/* Begin PBXResourcesBuildPhase section */
		AEBC3C1E1EAE4EBF006A8AF1 /* Resources */ = {
			isa = PBXResourcesBuildPhase;
			buildActionMask = 2147483647;
			files = (
				AEBC3C331EAE4EBF006A8AF1 /* LaunchScreen.storyboard in Resources */,
				AEBC3C301EAE4EBF006A8AF1 /* Assets.xcassets in Resources */,
				AEBC3C2E1EAE4EBF006A8AF1 /* Main.storyboard in Resources */,
			);
			runOnlyForDeploymentPostprocessing = 0;
		};
/* End PBXResourcesBuildPhase section */

/* Begin PBXShellScriptBuildPhase section */
		3497B238FB18DAAE808780B5 /* [CP] Embed Pods Frameworks */ = {
			isa = PBXShellScriptBuildPhase;
			buildActionMask = 2147483647;
			files = (
			);
			inputPaths = (
				"${SRCROOT}/Pods/Target Support Files/Pods-DisplayExamples-ObjC/Pods-DisplayExamples-ObjC-frameworks.sh",
				"${PODS_ROOT}/EstimoteBluetoothScanning/EstimoteBluetoothScanning/EstimoteBluetoothScanning.framework",
				"${PODS_ROOT}/EstimoteProximitySDK/EstimoteProximitySDK/EstimoteProximitySDK.framework",
			);
			name = "[CP] Embed Pods Frameworks";
			outputPaths = (
				"${TARGET_BUILD_DIR}/${FRAMEWORKS_FOLDER_PATH}/EstimoteBluetoothScanning.framework",
				"${TARGET_BUILD_DIR}/${FRAMEWORKS_FOLDER_PATH}/EstimoteProximitySDK.framework",
			);
			runOnlyForDeploymentPostprocessing = 0;
			shellPath = /bin/sh;
			shellScript = "\"${SRCROOT}/Pods/Target Support Files/Pods-DisplayExamples-ObjC/Pods-DisplayExamples-ObjC-frameworks.sh\"\n";
			showEnvVarsInLog = 0;
		};
		45AC4971D877CB9CC92C09CA /* [CP] Check Pods Manifest.lock */ = {
			isa = PBXShellScriptBuildPhase;
			buildActionMask = 2147483647;
			files = (
			);
			inputPaths = (
				"${PODS_PODFILE_DIR_PATH}/Podfile.lock",
				"${PODS_ROOT}/Manifest.lock",
			);
			name = "[CP] Check Pods Manifest.lock";
			outputPaths = (
				"$(DERIVED_FILE_DIR)/Pods-DisplayExamples-ObjC-checkManifestLockResult.txt",
			);
			runOnlyForDeploymentPostprocessing = 0;
			shellPath = /bin/sh;
			shellScript = "diff \"${PODS_PODFILE_DIR_PATH}/Podfile.lock\" \"${PODS_ROOT}/Manifest.lock\" > /dev/null\nif [ $? != 0 ] ; then\n    # print error to STDERR\n    echo \"error: The sandbox is not in sync with the Podfile.lock. Run 'pod install' or update your CocoaPods installation.\" >&2\n    exit 1\nfi\n# This output is used by Xcode 'outputs' to avoid re-running this script phase.\necho \"SUCCESS\" > \"${SCRIPT_OUTPUT_FILE_0}\"\n";
			showEnvVarsInLog = 0;
		};
		79C050C70086B33AA091157B /* [CP] Copy Pods Resources */ = {
			isa = PBXShellScriptBuildPhase;
			buildActionMask = 2147483647;
			files = (
			);
			inputPaths = (
			);
			name = "[CP] Copy Pods Resources";
			outputPaths = (
			);
			runOnlyForDeploymentPostprocessing = 0;
			shellPath = /bin/sh;
			shellScript = "\"${SRCROOT}/Pods/Target Support Files/Pods-DisplayExamples-ObjC/Pods-DisplayExamples-ObjC-resources.sh\"\n";
			showEnvVarsInLog = 0;
		};
/* End PBXShellScriptBuildPhase section */

/* Begin PBXSourcesBuildPhase section */
		AEBC3C1C1EAE4EBF006A8AF1 /* Sources */ = {
			isa = PBXSourcesBuildPhase;
			buildActionMask = 2147483647;
			files = (
				AEBC3C2B1EAE4EBF006A8AF1 /* ViewController.m in Sources */,
				AEBC3C281EAE4EBF006A8AF1 /* AppDelegate.m in Sources */,
				AEBC3C251EAE4EBF006A8AF1 /* main.m in Sources */,
			);
			runOnlyForDeploymentPostprocessing = 0;
		};
/* End PBXSourcesBuildPhase section */

/* Begin PBXVariantGroup section */
		AEBC3C2C1EAE4EBF006A8AF1 /* Main.storyboard */ = {
			isa = PBXVariantGroup;
			children = (
				AEBC3C2D1EAE4EBF006A8AF1 /* Base */,
			);
			name = Main.storyboard;
			path = ObjC;
			sourceTree = "<group>";
		};
		AEBC3C311EAE4EBF006A8AF1 /* LaunchScreen.storyboard */ = {
			isa = PBXVariantGroup;
			children = (
				AEBC3C321EAE4EBF006A8AF1 /* Base */,
			);
			name = LaunchScreen.storyboard;
			path = ObjC;
			sourceTree = "<group>";
		};
/* End PBXVariantGroup section */

/* Begin XCBuildConfiguration section */
		AEBC3C351EAE4EBF006A8AF1 /* Debug */ = {
			isa = XCBuildConfiguration;
			buildSettings = {
				ALWAYS_SEARCH_USER_PATHS = NO;
				CLANG_ANALYZER_NONNULL = YES;
				CLANG_ANALYZER_NUMBER_OBJECT_CONVERSION = YES_AGGRESSIVE;
				CLANG_CXX_LANGUAGE_STANDARD = "gnu++0x";
				CLANG_CXX_LIBRARY = "libc++";
				CLANG_ENABLE_MODULES = YES;
				CLANG_ENABLE_OBJC_ARC = YES;
				CLANG_WARN_BOOL_CONVERSION = YES;
				CLANG_WARN_CONSTANT_CONVERSION = YES;
				CLANG_WARN_DIRECT_OBJC_ISA_USAGE = YES_ERROR;
				CLANG_WARN_DOCUMENTATION_COMMENTS = YES;
				CLANG_WARN_EMPTY_BODY = YES;
				CLANG_WARN_ENUM_CONVERSION = YES;
				CLANG_WARN_INFINITE_RECURSION = YES;
				CLANG_WARN_INT_CONVERSION = YES;
				CLANG_WARN_OBJC_ROOT_CLASS = YES_ERROR;
				CLANG_WARN_SUSPICIOUS_MOVE = YES;
				CLANG_WARN_UNREACHABLE_CODE = YES;
				CLANG_WARN__DUPLICATE_METHOD_MATCH = YES;
				"CODE_SIGN_IDENTITY[sdk=iphoneos*]" = "iPhone Developer";
				COPY_PHASE_STRIP = NO;
				DEBUG_INFORMATION_FORMAT = dwarf;
				ENABLE_STRICT_OBJC_MSGSEND = YES;
				ENABLE_TESTABILITY = YES;
				GCC_C_LANGUAGE_STANDARD = gnu99;
				GCC_DYNAMIC_NO_PIC = NO;
				GCC_NO_COMMON_BLOCKS = YES;
				GCC_OPTIMIZATION_LEVEL = 0;
				GCC_PREPROCESSOR_DEFINITIONS = (
					"DEBUG=1",
					"$(inherited)",
				);
				GCC_WARN_64_TO_32_BIT_CONVERSION = YES;
				GCC_WARN_ABOUT_RETURN_TYPE = YES_ERROR;
				GCC_WARN_UNDECLARED_SELECTOR = YES;
				GCC_WARN_UNINITIALIZED_AUTOS = YES_AGGRESSIVE;
				GCC_WARN_UNUSED_FUNCTION = YES;
				GCC_WARN_UNUSED_VARIABLE = YES;
				IPHONEOS_DEPLOYMENT_TARGET = 10.3;
				MTL_ENABLE_DEBUG_INFO = YES;
				ONLY_ACTIVE_ARCH = YES;
				SDKROOT = iphoneos;
				TARGETED_DEVICE_FAMILY = "1,2";
			};
			name = Debug;
		};
		AEBC3C361EAE4EBF006A8AF1 /* Release */ = {
			isa = XCBuildConfiguration;
			buildSettings = {
				ALWAYS_SEARCH_USER_PATHS = NO;
				CLANG_ANALYZER_NONNULL = YES;
				CLANG_ANALYZER_NUMBER_OBJECT_CONVERSION = YES_AGGRESSIVE;
				CLANG_CXX_LANGUAGE_STANDARD = "gnu++0x";
				CLANG_CXX_LIBRARY = "libc++";
				CLANG_ENABLE_MODULES = YES;
				CLANG_ENABLE_OBJC_ARC = YES;
				CLANG_WARN_BOOL_CONVERSION = YES;
				CLANG_WARN_CONSTANT_CONVERSION = YES;
				CLANG_WARN_DIRECT_OBJC_ISA_USAGE = YES_ERROR;
				CLANG_WARN_DOCUMENTATION_COMMENTS = YES;
				CLANG_WARN_EMPTY_BODY = YES;
				CLANG_WARN_ENUM_CONVERSION = YES;
				CLANG_WARN_INFINITE_RECURSION = YES;
				CLANG_WARN_INT_CONVERSION = YES;
				CLANG_WARN_OBJC_ROOT_CLASS = YES_ERROR;
				CLANG_WARN_SUSPICIOUS_MOVE = YES;
				CLANG_WARN_UNREACHABLE_CODE = YES;
				CLANG_WARN__DUPLICATE_METHOD_MATCH = YES;
				"CODE_SIGN_IDENTITY[sdk=iphoneos*]" = "iPhone Developer";
				COPY_PHASE_STRIP = NO;
				DEBUG_INFORMATION_FORMAT = "dwarf-with-dsym";
				ENABLE_NS_ASSERTIONS = NO;
				ENABLE_STRICT_OBJC_MSGSEND = YES;
				GCC_C_LANGUAGE_STANDARD = gnu99;
				GCC_NO_COMMON_BLOCKS = YES;
				GCC_WARN_64_TO_32_BIT_CONVERSION = YES;
				GCC_WARN_ABOUT_RETURN_TYPE = YES_ERROR;
				GCC_WARN_UNDECLARED_SELECTOR = YES;
				GCC_WARN_UNINITIALIZED_AUTOS = YES_AGGRESSIVE;
				GCC_WARN_UNUSED_FUNCTION = YES;
				GCC_WARN_UNUSED_VARIABLE = YES;
				IPHONEOS_DEPLOYMENT_TARGET = 10.3;
				MTL_ENABLE_DEBUG_INFO = NO;
				SDKROOT = iphoneos;
				TARGETED_DEVICE_FAMILY = "1,2";
				VALIDATE_PRODUCT = YES;
			};
			name = Release;
		};
		AEBC3C381EAE4EBF006A8AF1 /* Debug */ = {
			isa = XCBuildConfiguration;
			buildSettings = {
				ALWAYS_EMBED_SWIFT_STANDARD_LIBRARIES = YES;
				ASSETCATALOG_COMPILER_APPICON_NAME = AppIcon;
				DEVELOPMENT_TEAM = "";
				FRAMEWORK_SEARCH_PATHS = (
					../../Core,
					"$(inherited)",
					"$(PROJECT_DIR)",
				);
				INFOPLIST_FILE = ObjC/Info.plist;
				LD_RUNPATH_SEARCH_PATHS = "$(inherited) @executable_path/Frameworks";
				PRODUCT_BUNDLE_IDENTIFIER = "com.estimote.DisplayExamples-ObjC";
				PRODUCT_NAME = "$(TARGET_NAME)";
			};
			name = Debug;
		};
		AEBC3C391EAE4EBF006A8AF1 /* Release */ = {
			isa = XCBuildConfiguration;
			buildSettings = {
				ALWAYS_EMBED_SWIFT_STANDARD_LIBRARIES = YES;
				ASSETCATALOG_COMPILER_APPICON_NAME = AppIcon;
				DEVELOPMENT_TEAM = "";
				FRAMEWORK_SEARCH_PATHS = (
					../../Core,
					"$(inherited)",
					"$(PROJECT_DIR)",
				);
				INFOPLIST_FILE = ObjC/Info.plist;
				LD_RUNPATH_SEARCH_PATHS = "$(inherited) @executable_path/Frameworks";
				PRODUCT_BUNDLE_IDENTIFIER = "com.estimote.DisplayExamples-ObjC";
				PRODUCT_NAME = "$(TARGET_NAME)";
			};
			name = Release;
		};
/* End XCBuildConfiguration section */

/* Begin XCConfigurationList section */
		AEBC3C1B1EAE4EBF006A8AF1 /* Build configuration list for PBXProject "ObjC" */ = {
			isa = XCConfigurationList;
			buildConfigurations = (
				AEBC3C351EAE4EBF006A8AF1 /* Debug */,
				AEBC3C361EAE4EBF006A8AF1 /* Release */,
			);
			defaultConfigurationIsVisible = 0;
			defaultConfigurationName = Release;
		};
		AEBC3C371EAE4EBF006A8AF1 /* Build configuration list for PBXNativeTarget "DisplayExamples-ObjC" */ = {
			isa = XCConfigurationList;
			buildConfigurations = (
				AEBC3C381EAE4EBF006A8AF1 /* Debug */,
				AEBC3C391EAE4EBF006A8AF1 /* Release */,
			);
			defaultConfigurationIsVisible = 0;
			defaultConfigurationName = Release;
		};
/* End XCConfigurationList section */
	};
	rootObject = AEBC3C181EAE4EBF006A8AF1 /* Project object */;
}
